// !$*UTF8*$!
{
	archiveVersion = 1;
	classes = {
	};
	objectVersion = 46;
	objects = {

/* Begin PBXBuildFile section */
		3B01B1B216F6D1A2009C039E /* MobileCoreServices.framework in Frameworks */ = {isa = PBXBuildFile; fileRef = 3B01B1B116F6D1A2009C039E /* MobileCoreServices.framework */; };
		3B03713C16E1A140001E1364 /* SSNetworkingEngine.m in Sources */ = {isa = PBXBuildFile; fileRef = 3B03713B16E1A140001E1364 /* SSNetworkingEngine.m */; };
		3B03713F16E1D827001E1364 /* SSConnectionViewController.m in Sources */ = {isa = PBXBuildFile; fileRef = 3B03713E16E1D827001E1364 /* SSConnectionViewController.m */; };
		3B0886C216E7BF4100B61EF4 /* brushToolBarPalette.xib in Resources */ = {isa = PBXBuildFile; fileRef = 3B0886C116E7BF4100B61EF4 /* brushToolBarPalette.xib */; };
		3B1D63D116DF14DF0008D9EC /* UIKit.framework in Frameworks */ = {isa = PBXBuildFile; fileRef = 3B1D63D016DF14DF0008D9EC /* UIKit.framework */; };
		3B1D63D316DF14DF0008D9EC /* Foundation.framework in Frameworks */ = {isa = PBXBuildFile; fileRef = 3B1D63D216DF14DF0008D9EC /* Foundation.framework */; };
		3B1D63D516DF14DF0008D9EC /* CoreGraphics.framework in Frameworks */ = {isa = PBXBuildFile; fileRef = 3B1D63D416DF14DF0008D9EC /* CoreGraphics.framework */; };
		3B1D63DB16DF14DF0008D9EC /* InfoPlist.strings in Resources */ = {isa = PBXBuildFile; fileRef = 3B1D63D916DF14DF0008D9EC /* InfoPlist.strings */; };
		3B1D63DD16DF14DF0008D9EC /* main.m in Sources */ = {isa = PBXBuildFile; fileRef = 3B1D63DC16DF14DF0008D9EC /* main.m */; };
		3B1D63E116DF14DF0008D9EC /* SSAppDelegate.m in Sources */ = {isa = PBXBuildFile; fileRef = 3B1D63E016DF14DF0008D9EC /* SSAppDelegate.m */; };
		3B1D63E316DF14DF0008D9EC /* Default.png in Resources */ = {isa = PBXBuildFile; fileRef = 3B1D63E216DF14DF0008D9EC /* Default.png */; };
		3B1D63E516DF14DF0008D9EC /* Default@2x.png in Resources */ = {isa = PBXBuildFile; fileRef = 3B1D63E416DF14DF0008D9EC /* Default@2x.png */; };
		3B1D63E716DF14DF0008D9EC /* Default-568h@2x.png in Resources */ = {isa = PBXBuildFile; fileRef = 3B1D63E616DF14DF0008D9EC /* Default-568h@2x.png */; };
		3B1D63ED16DF14DF0008D9EC /* SSViewController.m in Sources */ = {isa = PBXBuildFile; fileRef = 3B1D63EC16DF14DF0008D9EC /* SSViewController.m */; };
		3B1D63F516DF14E00008D9EC /* SenTestingKit.framework in Frameworks */ = {isa = PBXBuildFile; fileRef = 3B1D63F416DF14E00008D9EC /* SenTestingKit.framework */; };
		3B1D63F616DF14E00008D9EC /* UIKit.framework in Frameworks */ = {isa = PBXBuildFile; fileRef = 3B1D63D016DF14DF0008D9EC /* UIKit.framework */; };
		3B1D63F716DF14E00008D9EC /* Foundation.framework in Frameworks */ = {isa = PBXBuildFile; fileRef = 3B1D63D216DF14DF0008D9EC /* Foundation.framework */; };
		3B1D63FF16DF14E00008D9EC /* InfoPlist.strings in Resources */ = {isa = PBXBuildFile; fileRef = 3B1D63FD16DF14E00008D9EC /* InfoPlist.strings */; };
		3B1D640216DF14E00008D9EC /* ShareSlateTests.m in Sources */ = {isa = PBXBuildFile; fileRef = 3B1D640116DF14E00008D9EC /* ShareSlateTests.m */; };
		3B1D640D16DF16490008D9EC /* PaintingView.m in Sources */ = {isa = PBXBuildFile; fileRef = 3B1D640C16DF16490008D9EC /* PaintingView.m */; };
		3B1D640E16DF16490008D9EC /* PaintingView.m in Sources */ = {isa = PBXBuildFile; fileRef = 3B1D640C16DF16490008D9EC /* PaintingView.m */; };
		3B1D641016DF17590008D9EC /* OpenGLES.framework in Frameworks */ = {isa = PBXBuildFile; fileRef = 3B1D640F16DF17590008D9EC /* OpenGLES.framework */; };
		3B1D641216DF17DC0008D9EC /* QuartzCore.framework in Frameworks */ = {isa = PBXBuildFile; fileRef = 3B1D641116DF17DC0008D9EC /* QuartzCore.framework */; };
		3B1D641416DF19210008D9EC /* Particle.png in Resources */ = {isa = PBXBuildFile; fileRef = 3B1D641316DF19210008D9EC /* Particle.png */; };
		3B1D641516DF19210008D9EC /* Particle.png in Resources */ = {isa = PBXBuildFile; fileRef = 3B1D641316DF19210008D9EC /* Particle.png */; };
		3B25C4E516F286110018795A /* IpadStoryBoard.storyboard in Resources */ = {isa = PBXBuildFile; fileRef = 3B25C4E416F286110018795A /* IpadStoryBoard.storyboard */; };
		3B3CC2E616F5055700ED78AE /* VersionControlInfoView.xib in Resources */ = {isa = PBXBuildFile; fileRef = 3B3CC2E516F5055700ED78AE /* VersionControlInfoView.xib */; };
		3B5B491416E279B80069062A /* shareSlateServer.py in Resources */ = {isa = PBXBuildFile; fileRef = 3B5B491316E279B80069062A /* shareSlateServer.py */; };
		3B79A4B416F1237400D5DF08 /* EraserToolBarPalette.xib in Resources */ = {isa = PBXBuildFile; fileRef = 3B79A4B316F1237400D5DF08 /* EraserToolBarPalette.xib */; };
		3B79A4B616F123F400D5DF08 /* ShapeToolBarPalette.xib in Resources */ = {isa = PBXBuildFile; fileRef = 3B79A4B516F123F400D5DF08 /* ShapeToolBarPalette.xib */; };
		3B79A4B816F1289700D5DF08 /* colorPicker.png in Resources */ = {isa = PBXBuildFile; fileRef = 3B79A4B716F1289700D5DF08 /* colorPicker.png */; };
		3B79A4BD16F1440800D5DF08 /* DVSlideViewController.m in Sources */ = {isa = PBXBuildFile; fileRef = 3B79A4BC16F1440800D5DF08 /* DVSlideViewController.m */; };
		3B79A4C116F1445100D5DF08 /* grayBackground.png in Resources */ = {isa = PBXBuildFile; fileRef = 3B79A4C016F1445100D5DF08 /* grayBackground.png */; };
		3BAD138916F4330D00898C05 /* bo_play_pattern.png in Resources */ = {isa = PBXBuildFile; fileRef = 3BAD138716F4330D00898C05 /* bo_play_pattern.png */; };
		3BAD138A16F4330D00898C05 /* bo_play_pattern_@2X.png in Resources */ = {isa = PBXBuildFile; fileRef = 3BAD138816F4330D00898C05 /* bo_play_pattern_@2X.png */; };
		3BAD138D16F439D800898C05 /* SSToolBarContainer.m in Sources */ = {isa = PBXBuildFile; fileRef = 3BAD138C16F439D800898C05 /* SSToolBarContainer.m */; };
		3BAD139016F43A7700898C05 /* SSVersionInfoView.m in Sources */ = {isa = PBXBuildFile; fileRef = 3BAD138F16F43A7700898C05 /* SSVersionInfoView.m */; };
		3BB7ADD716E7D0F300E47735 /* gplaypattern_@2X.png in Resources */ = {isa = PBXBuildFile; fileRef = 3BB7ADD616E7D0F300E47735 /* gplaypattern_@2X.png */; };
		3BC1D03416F781EF00276F8B /* communication_protocol.txt in Resources */ = {isa = PBXBuildFile; fileRef = 3BC1D03316F781EF00276F8B /* communication_protocol.txt */; };
		3BC9F35016E5A14200F4B47C /* SSToolBarCell.m in Sources */ = {isa = PBXBuildFile; fileRef = 3BC9F34F16E5A14200F4B47C /* SSToolBarCell.m */; };
		3BC9F35316E5A26500F4B47C /* SSVerticalToolBar.m in Sources */ = {isa = PBXBuildFile; fileRef = 3BC9F35216E5A26500F4B47C /* SSVerticalToolBar.m */; };
		3BC9F35616E5A85E00F4B47C /* perforated_white_leather.png in Resources */ = {isa = PBXBuildFile; fileRef = 3BC9F35416E5A85D00F4B47C /* perforated_white_leather.png */; };
		3BC9F35716E5A85E00F4B47C /* perforated_white_leather_@2X.png in Resources */ = {isa = PBXBuildFile; fileRef = 3BC9F35516E5A85D00F4B47C /* perforated_white_leather_@2X.png */; };
		3BC9F35916E5B47D00F4B47C /* ios-linen.png in Resources */ = {isa = PBXBuildFile; fileRef = 3BC9F35816E5B47D00F4B47C /* ios-linen.png */; };
		3BD9899416F3DAF10084B6E6 /* VersionControlPalette.xib in Resources */ = {isa = PBXBuildFile; fileRef = 3BD9899316F3DAF10084B6E6 /* VersionControlPalette.xib */; };
		3BE4280116F5234800D404B1 /* buttonEffect.png in Resources */ = {isa = PBXBuildFile; fileRef = 3BE4280016F5234800D404B1 /* buttonEffect.png */; };
		3BE4280316F5240E00D404B1 /* recessedButtonEffect.png in Resources */ = {isa = PBXBuildFile; fileRef = 3BE4280216F5240E00D404B1 /* recessedButtonEffect.png */; };
		3BEF154316F51A100008E293 /* button.png in Resources */ = {isa = PBXBuildFile; fileRef = 3BEF154216F51A100008E293 /* button.png */; };
/* End PBXBuildFile section */

/* Begin PBXContainerItemProxy section */
		3B1D63F816DF14E00008D9EC /* PBXContainerItemProxy */ = {
			isa = PBXContainerItemProxy;
			containerPortal = 3B1D63C516DF14DF0008D9EC /* Project object */;
			proxyType = 1;
			remoteGlobalIDString = 3B1D63CC16DF14DF0008D9EC;
			remoteInfo = ShareSlate;
		};
/* End PBXContainerItemProxy section */

/* Begin PBXFileReference section */
		3B01B1B116F6D1A2009C039E /* MobileCoreServices.framework */ = {isa = PBXFileReference; lastKnownFileType = wrapper.framework; name = MobileCoreServices.framework; path = System/Library/Frameworks/MobileCoreServices.framework; sourceTree = SDKROOT; };
		3B03713A16E1A140001E1364 /* SSNetworkingEngine.h */ = {isa = PBXFileReference; fileEncoding = 4; lastKnownFileType = sourcecode.c.h; path = SSNetworkingEngine.h; sourceTree = "<group>"; };
		3B03713B16E1A140001E1364 /* SSNetworkingEngine.m */ = {isa = PBXFileReference; fileEncoding = 4; lastKnownFileType = sourcecode.c.objc; path = SSNetworkingEngine.m; sourceTree = "<group>"; };
		3B03713D16E1D826001E1364 /* SSConnectionViewController.h */ = {isa = PBXFileReference; fileEncoding = 4; lastKnownFileType = sourcecode.c.h; path = SSConnectionViewController.h; sourceTree = "<group>"; };
		3B03713E16E1D827001E1364 /* SSConnectionViewController.m */ = {isa = PBXFileReference; fileEncoding = 4; lastKnownFileType = sourcecode.c.objc; path = SSConnectionViewController.m; sourceTree = "<group>"; };
		3B0886C116E7BF4100B61EF4 /* brushToolBarPalette.xib */ = {isa = PBXFileReference; fileEncoding = 4; lastKnownFileType = file.xib; path = brushToolBarPalette.xib; sourceTree = "<group>"; };
		3B1D63CD16DF14DF0008D9EC /* ShareSlate.app */ = {isa = PBXFileReference; explicitFileType = wrapper.application; includeInIndex = 0; path = ShareSlate.app; sourceTree = BUILT_PRODUCTS_DIR; };
		3B1D63D016DF14DF0008D9EC /* UIKit.framework */ = {isa = PBXFileReference; lastKnownFileType = wrapper.framework; name = UIKit.framework; path = System/Library/Frameworks/UIKit.framework; sourceTree = SDKROOT; };
		3B1D63D216DF14DF0008D9EC /* Foundation.framework */ = {isa = PBXFileReference; lastKnownFileType = wrapper.framework; name = Foundation.framework; path = System/Library/Frameworks/Foundation.framework; sourceTree = SDKROOT; };
		3B1D63D416DF14DF0008D9EC /* CoreGraphics.framework */ = {isa = PBXFileReference; lastKnownFileType = wrapper.framework; name = CoreGraphics.framework; path = System/Library/Frameworks/CoreGraphics.framework; sourceTree = SDKROOT; };
		3B1D63D816DF14DF0008D9EC /* ShareSlate-Info.plist */ = {isa = PBXFileReference; lastKnownFileType = text.plist.xml; path = "ShareSlate-Info.plist"; sourceTree = "<group>"; };
		3B1D63DA16DF14DF0008D9EC /* en */ = {isa = PBXFileReference; lastKnownFileType = text.plist.strings; name = en; path = en.lproj/InfoPlist.strings; sourceTree = "<group>"; };
		3B1D63DC16DF14DF0008D9EC /* main.m */ = {isa = PBXFileReference; lastKnownFileType = sourcecode.c.objc; path = main.m; sourceTree = "<group>"; };
		3B1D63DE16DF14DF0008D9EC /* ShareSlate-Prefix.pch */ = {isa = PBXFileReference; lastKnownFileType = sourcecode.c.h; path = "ShareSlate-Prefix.pch"; sourceTree = "<group>"; };
		3B1D63DF16DF14DF0008D9EC /* SSAppDelegate.h */ = {isa = PBXFileReference; lastKnownFileType = sourcecode.c.h; path = SSAppDelegate.h; sourceTree = "<group>"; };
		3B1D63E016DF14DF0008D9EC /* SSAppDelegate.m */ = {isa = PBXFileReference; lastKnownFileType = sourcecode.c.objc; path = SSAppDelegate.m; sourceTree = "<group>"; };
		3B1D63E216DF14DF0008D9EC /* Default.png */ = {isa = PBXFileReference; lastKnownFileType = image.png; path = Default.png; sourceTree = "<group>"; };
		3B1D63E416DF14DF0008D9EC /* Default@2x.png */ = {isa = PBXFileReference; lastKnownFileType = image.png; path = "Default@2x.png"; sourceTree = "<group>"; };
		3B1D63E616DF14DF0008D9EC /* Default-568h@2x.png */ = {isa = PBXFileReference; lastKnownFileType = image.png; path = "Default-568h@2x.png"; sourceTree = "<group>"; };
		3B1D63EB16DF14DF0008D9EC /* SSViewController.h */ = {isa = PBXFileReference; lastKnownFileType = sourcecode.c.h; path = SSViewController.h; sourceTree = "<group>"; };
		3B1D63EC16DF14DF0008D9EC /* SSViewController.m */ = {isa = PBXFileReference; lastKnownFileType = sourcecode.c.objc; path = SSViewController.m; sourceTree = "<group>"; };
		3B1D63F316DF14E00008D9EC /* ShareSlateTests.octest */ = {isa = PBXFileReference; explicitFileType = wrapper.cfbundle; includeInIndex = 0; path = ShareSlateTests.octest; sourceTree = BUILT_PRODUCTS_DIR; };
		3B1D63F416DF14E00008D9EC /* SenTestingKit.framework */ = {isa = PBXFileReference; lastKnownFileType = wrapper.framework; name = SenTestingKit.framework; path = Library/Frameworks/SenTestingKit.framework; sourceTree = DEVELOPER_DIR; };
		3B1D63FC16DF14E00008D9EC /* ShareSlateTests-Info.plist */ = {isa = PBXFileReference; lastKnownFileType = text.plist.xml; path = "ShareSlateTests-Info.plist"; sourceTree = "<group>"; };
		3B1D63FE16DF14E00008D9EC /* en */ = {isa = PBXFileReference; lastKnownFileType = text.plist.strings; name = en; path = en.lproj/InfoPlist.strings; sourceTree = "<group>"; };
		3B1D640016DF14E00008D9EC /* ShareSlateTests.h */ = {isa = PBXFileReference; lastKnownFileType = sourcecode.c.h; path = ShareSlateTests.h; sourceTree = "<group>"; };
		3B1D640116DF14E00008D9EC /* ShareSlateTests.m */ = {isa = PBXFileReference; lastKnownFileType = sourcecode.c.objc; path = ShareSlateTests.m; sourceTree = "<group>"; };
		3B1D640B16DF16490008D9EC /* PaintingView.h */ = {isa = PBXFileReference; fileEncoding = 4; lastKnownFileType = sourcecode.c.h; path = PaintingView.h; sourceTree = "<group>"; };
		3B1D640C16DF16490008D9EC /* PaintingView.m */ = {isa = PBXFileReference; fileEncoding = 4; lastKnownFileType = sourcecode.c.objc; path = PaintingView.m; sourceTree = "<group>"; };
		3B1D640F16DF17590008D9EC /* OpenGLES.framework */ = {isa = PBXFileReference; lastKnownFileType = wrapper.framework; name = OpenGLES.framework; path = System/Library/Frameworks/OpenGLES.framework; sourceTree = SDKROOT; };
		3B1D641116DF17DC0008D9EC /* QuartzCore.framework */ = {isa = PBXFileReference; lastKnownFileType = wrapper.framework; name = QuartzCore.framework; path = System/Library/Frameworks/QuartzCore.framework; sourceTree = SDKROOT; };
		3B1D641316DF19210008D9EC /* Particle.png */ = {isa = PBXFileReference; lastKnownFileType = image.png; path = Particle.png; sourceTree = "<group>"; };
		3B25C4E416F286110018795A /* IpadStoryBoard.storyboard */ = {isa = PBXFileReference; fileEncoding = 4; lastKnownFileType = file.storyboard; path = IpadStoryBoard.storyboard; sourceTree = "<group>"; };
		3B3CC2E516F5055700ED78AE /* VersionControlInfoView.xib */ = {isa = PBXFileReference; fileEncoding = 4; lastKnownFileType = file.xib; path = VersionControlInfoView.xib; sourceTree = "<group>"; };
		3B5B491316E279B80069062A /* shareSlateServer.py */ = {isa = PBXFileReference; fileEncoding = 4; lastKnownFileType = text.script.python; path = shareSlateServer.py; sourceTree = "<group>"; };
		3B79A4B316F1237400D5DF08 /* EraserToolBarPalette.xib */ = {isa = PBXFileReference; fileEncoding = 4; lastKnownFileType = file.xib; path = EraserToolBarPalette.xib; sourceTree = "<group>"; };
		3B79A4B516F123F400D5DF08 /* ShapeToolBarPalette.xib */ = {isa = PBXFileReference; fileEncoding = 4; lastKnownFileType = file.xib; path = ShapeToolBarPalette.xib; sourceTree = "<group>"; };
		3B79A4B716F1289700D5DF08 /* colorPicker.png */ = {isa = PBXFileReference; lastKnownFileType = image.png; path = colorPicker.png; sourceTree = "<group>"; };
		3B79A4BB16F1440800D5DF08 /* DVSlideViewController.h */ = {isa = PBXFileReference; fileEncoding = 4; lastKnownFileType = sourcecode.c.h; path = DVSlideViewController.h; sourceTree = "<group>"; };
		3B79A4BC16F1440800D5DF08 /* DVSlideViewController.m */ = {isa = PBXFileReference; fileEncoding = 4; lastKnownFileType = sourcecode.c.objc; path = DVSlideViewController.m; sourceTree = "<group>"; };
		3B79A4C016F1445100D5DF08 /* grayBackground.png */ = {isa = PBXFileReference; lastKnownFileType = image.png; path = grayBackground.png; sourceTree = "<group>"; };
		3BAD138716F4330D00898C05 /* bo_play_pattern.png */ = {isa = PBXFileReference; lastKnownFileType = image.png; path = bo_play_pattern.png; sourceTree = "<group>"; };
		3BAD138816F4330D00898C05 /* bo_play_pattern_@2X.png */ = {isa = PBXFileReference; lastKnownFileType = image.png; path = "bo_play_pattern_@2X.png"; sourceTree = "<group>"; };
		3BAD138B16F439D700898C05 /* SSToolBarContainer.h */ = {isa = PBXFileReference; fileEncoding = 4; lastKnownFileType = sourcecode.c.h; path = SSToolBarContainer.h; sourceTree = "<group>"; };
		3BAD138C16F439D800898C05 /* SSToolBarContainer.m */ = {isa = PBXFileReference; fileEncoding = 4; lastKnownFileType = sourcecode.c.objc; path = SSToolBarContainer.m; sourceTree = "<group>"; };
		3BAD138E16F43A7700898C05 /* SSVersionInfoView.h */ = {isa = PBXFileReference; fileEncoding = 4; lastKnownFileType = sourcecode.c.h; path = SSVersionInfoView.h; sourceTree = "<group>"; };
		3BAD138F16F43A7700898C05 /* SSVersionInfoView.m */ = {isa = PBXFileReference; fileEncoding = 4; lastKnownFileType = sourcecode.c.objc; path = SSVersionInfoView.m; sourceTree = "<group>"; };
		3BB7ADD616E7D0F300E47735 /* gplaypattern_@2X.png */ = {isa = PBXFileReference; lastKnownFileType = image.png; path = "gplaypattern_@2X.png"; sourceTree = "<group>"; };
		3BC1D03316F781EF00276F8B /* communication_protocol.txt */ = {isa = PBXFileReference; fileEncoding = 4; lastKnownFileType = text; path = communication_protocol.txt; sourceTree = "<group>"; };
		3BC9F34E16E5A14200F4B47C /* SSToolBarCell.h */ = {isa = PBXFileReference; fileEncoding = 4; lastKnownFileType = sourcecode.c.h; path = SSToolBarCell.h; sourceTree = "<group>"; };
		3BC9F34F16E5A14200F4B47C /* SSToolBarCell.m */ = {isa = PBXFileReference; fileEncoding = 4; lastKnownFileType = sourcecode.c.objc; path = SSToolBarCell.m; sourceTree = "<group>"; };
		3BC9F35116E5A26500F4B47C /* SSVerticalToolBar.h */ = {isa = PBXFileReference; fileEncoding = 4; lastKnownFileType = sourcecode.c.h; path = SSVerticalToolBar.h; sourceTree = "<group>"; };
		3BC9F35216E5A26500F4B47C /* SSVerticalToolBar.m */ = {isa = PBXFileReference; fileEncoding = 4; lastKnownFileType = sourcecode.c.objc; path = SSVerticalToolBar.m; sourceTree = "<group>"; };
		3BC9F35416E5A85D00F4B47C /* perforated_white_leather.png */ = {isa = PBXFileReference; lastKnownFileType = image.png; path = perforated_white_leather.png; sourceTree = "<group>"; };
		3BC9F35516E5A85D00F4B47C /* perforated_white_leather_@2X.png */ = {isa = PBXFileReference; lastKnownFileType = image.png; path = "perforated_white_leather_@2X.png"; sourceTree = "<group>"; };
		3BC9F35816E5B47D00F4B47C /* ios-linen.png */ = {isa = PBXFileReference; lastKnownFileType = image.png; path = "ios-linen.png"; sourceTree = "<group>"; };
		3BD9899316F3DAF10084B6E6 /* VersionControlPalette.xib */ = {isa = PBXFileReference; fileEncoding = 4; lastKnownFileType = file.xib; path = VersionControlPalette.xib; sourceTree = "<group>"; };
		3BE4280016F5234800D404B1 /* buttonEffect.png */ = {isa = PBXFileReference; lastKnownFileType = image.png; path = buttonEffect.png; sourceTree = "<group>"; };
		3BE4280216F5240E00D404B1 /* recessedButtonEffect.png */ = {isa = PBXFileReference; lastKnownFileType = image.png; path = recessedButtonEffect.png; sourceTree = "<group>"; };
		3BEF154216F51A100008E293 /* button.png */ = {isa = PBXFileReference; lastKnownFileType = image.png; path = button.png; sourceTree = "<group>"; };
/* End PBXFileReference section */

/* Begin PBXFrameworksBuildPhase section */
		3B1D63CA16DF14DF0008D9EC /* Frameworks */ = {
			isa = PBXFrameworksBuildPhase;
			buildActionMask = 2147483647;
			files = (
				3B01B1B216F6D1A2009C039E /* MobileCoreServices.framework in Frameworks */,
				3B1D641216DF17DC0008D9EC /* QuartzCore.framework in Frameworks */,
				3B1D641016DF17590008D9EC /* OpenGLES.framework in Frameworks */,
				3B1D63D116DF14DF0008D9EC /* UIKit.framework in Frameworks */,
				3B1D63D316DF14DF0008D9EC /* Foundation.framework in Frameworks */,
				3B1D63D516DF14DF0008D9EC /* CoreGraphics.framework in Frameworks */,
			);
			runOnlyForDeploymentPostprocessing = 0;
		};
		3B1D63EF16DF14E00008D9EC /* Frameworks */ = {
			isa = PBXFrameworksBuildPhase;
			buildActionMask = 2147483647;
			files = (
				3B1D63F516DF14E00008D9EC /* SenTestingKit.framework in Frameworks */,
				3B1D63F616DF14E00008D9EC /* UIKit.framework in Frameworks */,
				3B1D63F716DF14E00008D9EC /* Foundation.framework in Frameworks */,
			);
			runOnlyForDeploymentPostprocessing = 0;
		};
/* End PBXFrameworksBuildPhase section */

/* Begin PBXGroup section */
		3B1D63C416DF14DF0008D9EC = {
			isa = PBXGroup;
			children = (
				3B1D63D616DF14DF0008D9EC /* ShareSlate */,
				3B1D63FA16DF14E00008D9EC /* ShareSlateTests */,
				3B1D63CF16DF14DF0008D9EC /* Frameworks */,
				3B1D63CE16DF14DF0008D9EC /* Products */,
			);
			sourceTree = "<group>";
		};
		3B1D63CE16DF14DF0008D9EC /* Products */ = {
			isa = PBXGroup;
			children = (
				3B1D63CD16DF14DF0008D9EC /* ShareSlate.app */,
				3B1D63F316DF14E00008D9EC /* ShareSlateTests.octest */,
			);
			name = Products;
			sourceTree = "<group>";
		};
		3B1D63CF16DF14DF0008D9EC /* Frameworks */ = {
			isa = PBXGroup;
			children = (
				3B01B1B116F6D1A2009C039E /* MobileCoreServices.framework */,
				3B1D641116DF17DC0008D9EC /* QuartzCore.framework */,
				3B1D640F16DF17590008D9EC /* OpenGLES.framework */,
				3B1D63D016DF14DF0008D9EC /* UIKit.framework */,
				3B1D63D216DF14DF0008D9EC /* Foundation.framework */,
				3B1D63D416DF14DF0008D9EC /* CoreGraphics.framework */,
				3B1D63F416DF14E00008D9EC /* SenTestingKit.framework */,
			);
			name = Frameworks;
			sourceTree = "<group>";
		};
		3B1D63D616DF14DF0008D9EC /* ShareSlate */ = {
			isa = PBXGroup;
			children = (
				3BC1D03316F781EF00276F8B /* communication_protocol.txt */,
				3B1D63DF16DF14DF0008D9EC /* SSAppDelegate.h */,
				3B1D63E016DF14DF0008D9EC /* SSAppDelegate.m */,
				3B3CC2E416F504FB00ED78AE /* Backgrounds */,
				3B691A7416E54F980098E75E /* Drawing */,
				3B691A7316E54F740098E75E /* Networking */,
				3B691A7216E54F5E0098E75E /* UI Elements */,
				3B1D63D716DF14DF0008D9EC /* Supporting Files */,
			);
			path = ShareSlate;
			sourceTree = "<group>";
		};
		3B1D63D716DF14DF0008D9EC /* Supporting Files */ = {
			isa = PBXGroup;
			children = (
				3B1D63D816DF14DF0008D9EC /* ShareSlate-Info.plist */,
				3B1D63D916DF14DF0008D9EC /* InfoPlist.strings */,
				3B1D63DC16DF14DF0008D9EC /* main.m */,
				3B1D63DE16DF14DF0008D9EC /* ShareSlate-Prefix.pch */,
				3B1D63E216DF14DF0008D9EC /* Default.png */,
				3B1D63E416DF14DF0008D9EC /* Default@2x.png */,
				3B1D63E616DF14DF0008D9EC /* Default-568h@2x.png */,
			);
			name = "Supporting Files";
			sourceTree = "<group>";
		};
		3B1D63FA16DF14E00008D9EC /* ShareSlateTests */ = {
			isa = PBXGroup;
			children = (
				3B1D640016DF14E00008D9EC /* ShareSlateTests.h */,
				3B1D640116DF14E00008D9EC /* ShareSlateTests.m */,
				3B1D63FB16DF14E00008D9EC /* Supporting Files */,
			);
			path = ShareSlateTests;
			sourceTree = "<group>";
		};
		3B1D63FB16DF14E00008D9EC /* Supporting Files */ = {
			isa = PBXGroup;
			children = (
				3B1D63FC16DF14E00008D9EC /* ShareSlateTests-Info.plist */,
				3B1D63FD16DF14E00008D9EC /* InfoPlist.strings */,
			);
			name = "Supporting Files";
			sourceTree = "<group>";
		};
		3B3CC2E316F504D700ED78AE /* Palettes */ = {
			isa = PBXGroup;
			children = (
				3B79A4B716F1289700D5DF08 /* colorPicker.png */,
				3B79A4B316F1237400D5DF08 /* EraserToolBarPalette.xib */,
				3B79A4B516F123F400D5DF08 /* ShapeToolBarPalette.xib */,
				3B0886C116E7BF4100B61EF4 /* brushToolBarPalette.xib */,
				3BD9899316F3DAF10084B6E6 /* VersionControlPalette.xib */,
			);
			name = Palettes;
			sourceTree = "<group>";
		};
		3B3CC2E416F504FB00ED78AE /* Backgrounds */ = {
			isa = PBXGroup;
			children = (
				3BC9F35416E5A85D00F4B47C /* perforated_white_leather.png */,
				3BC9F35516E5A85D00F4B47C /* perforated_white_leather_@2X.png */,
				3BC9F35816E5B47D00F4B47C /* ios-linen.png */,
				3B79A4C016F1445100D5DF08 /* grayBackground.png */,
				3BAD138716F4330D00898C05 /* bo_play_pattern.png */,
				3BAD138816F4330D00898C05 /* bo_play_pattern_@2X.png */,
				3BB7ADD616E7D0F300E47735 /* gplaypattern_@2X.png */,
			);
			name = Backgrounds;
			sourceTree = "<group>";
		};
		3B691A7216E54F5E0098E75E /* UI Elements */ = {
			isa = PBXGroup;
			children = (
				3B79A4BF16F1441900D5DF08 /* ToolBar */,
				3B79A4BE16F1441500D5DF08 /* Version Control */,
			);
			name = "UI Elements";
			sourceTree = "<group>";
		};
		3B691A7316E54F740098E75E /* Networking */ = {
			isa = PBXGroup;
			children = (
				3B03713D16E1D826001E1364 /* SSConnectionViewController.h */,
				3B03713E16E1D827001E1364 /* SSConnectionViewController.m */,
				3B5B491316E279B80069062A /* shareSlateServer.py */,
				3B03713A16E1A140001E1364 /* SSNetworkingEngine.h */,
				3B03713B16E1A140001E1364 /* SSNetworkingEngine.m */,
			);
			name = Networking;
			sourceTree = "<group>";
		};
		3B691A7416E54F980098E75E /* Drawing */ = {
			isa = PBXGroup;
			children = (
				3B1D640B16DF16490008D9EC /* PaintingView.h */,
				3B1D640C16DF16490008D9EC /* PaintingView.m */,
				3B1D63EB16DF14DF0008D9EC /* SSViewController.h */,
				3B1D63EC16DF14DF0008D9EC /* SSViewController.m */,
				3B1D641316DF19210008D9EC /* Particle.png */,
				3B25C4E416F286110018795A /* IpadStoryBoard.storyboard */,
			);
			name = Drawing;
			sourceTree = "<group>";
		};
		3B79A4BE16F1441500D5DF08 /* Version Control */ = {
			isa = PBXGroup;
			children = (
				3BAD138E16F43A7700898C05 /* SSVersionInfoView.h */,
				3BAD138F16F43A7700898C05 /* SSVersionInfoView.m */,
				3B3CC2E516F5055700ED78AE /* VersionControlInfoView.xib */,
				3BAD138B16F439D700898C05 /* SSToolBarContainer.h */,
				3BAD138C16F439D800898C05 /* SSToolBarContainer.m */,
				3B79A4BB16F1440800D5DF08 /* DVSlideViewController.h */,
				3B79A4BC16F1440800D5DF08 /* DVSlideViewController.m */,
			);
			name = "Version Control";
			sourceTree = "<group>";
		};
		3B79A4BF16F1441900D5DF08 /* ToolBar */ = {
			isa = PBXGroup;
			children = (
				3BC9F35116E5A26500F4B47C /* SSVerticalToolBar.h */,
				3BC9F35216E5A26500F4B47C /* SSVerticalToolBar.m */,
				3BC9F34E16E5A14200F4B47C /* SSToolBarCell.h */,
				3BC9F34F16E5A14200F4B47C /* SSToolBarCell.m */,
				3BEF154216F51A100008E293 /* button.png */,
				3BE4280016F5234800D404B1 /* buttonEffect.png */,
				3BE4280216F5240E00D404B1 /* recessedButtonEffect.png */,
				3B3CC2E316F504D700ED78AE /* Palettes */,
			);
			name = ToolBar;
			sourceTree = "<group>";
		};
/* End PBXGroup section */

/* Begin PBXNativeTarget section */
		3B1D63CC16DF14DF0008D9EC /* ShareSlate */ = {
			isa = PBXNativeTarget;
			buildConfigurationList = 3B1D640516DF14E00008D9EC /* Build configuration list for PBXNativeTarget "ShareSlate" */;
			buildPhases = (
				3B1D63C916DF14DF0008D9EC /* Sources */,
				3B1D63CA16DF14DF0008D9EC /* Frameworks */,
				3B1D63CB16DF14DF0008D9EC /* Resources */,
			);
			buildRules = (
			);
			dependencies = (
			);
			name = ShareSlate;
			productName = ShareSlate;
			productReference = 3B1D63CD16DF14DF0008D9EC /* ShareSlate.app */;
			productType = "com.apple.product-type.application";
		};
		3B1D63F216DF14E00008D9EC /* ShareSlateTests */ = {
			isa = PBXNativeTarget;
			buildConfigurationList = 3B1D640816DF14E00008D9EC /* Build configuration list for PBXNativeTarget "ShareSlateTests" */;
			buildPhases = (
				3B1D63EE16DF14E00008D9EC /* Sources */,
				3B1D63EF16DF14E00008D9EC /* Frameworks */,
				3B1D63F016DF14E00008D9EC /* Resources */,
				3B1D63F116DF14E00008D9EC /* ShellScript */,
			);
			buildRules = (
			);
			dependencies = (
				3B1D63F916DF14E00008D9EC /* PBXTargetDependency */,
			);
			name = ShareSlateTests;
			productName = ShareSlateTests;
			productReference = 3B1D63F316DF14E00008D9EC /* ShareSlateTests.octest */;
			productType = "com.apple.product-type.bundle";
		};
/* End PBXNativeTarget section */

/* Begin PBXProject section */
		3B1D63C516DF14DF0008D9EC /* Project object */ = {
			isa = PBXProject;
			attributes = {
				CLASSPREFIX = SS;
				LastUpgradeCheck = 0460;
				ORGANIZATIONNAME = "Benjamin Pious";
			};
			buildConfigurationList = 3B1D63C816DF14DF0008D9EC /* Build configuration list for PBXProject "ShareSlate" */;
			compatibilityVersion = "Xcode 3.2";
			developmentRegion = English;
			hasScannedForEncodings = 0;
			knownRegions = (
				en,
			);
			mainGroup = 3B1D63C416DF14DF0008D9EC;
			productRefGroup = 3B1D63CE16DF14DF0008D9EC /* Products */;
			projectDirPath = "";
			projectRoot = "";
			targets = (
				3B1D63CC16DF14DF0008D9EC /* ShareSlate */,
				3B1D63F216DF14E00008D9EC /* ShareSlateTests */,
			);
		};
/* End PBXProject section */

/* Begin PBXResourcesBuildPhase section */
		3B1D63CB16DF14DF0008D9EC /* Resources */ = {
			isa = PBXResourcesBuildPhase;
			buildActionMask = 2147483647;
			files = (
				3B1D63DB16DF14DF0008D9EC /* InfoPlist.strings in Resources */,
				3B1D63E316DF14DF0008D9EC /* Default.png in Resources */,
				3B1D63E516DF14DF0008D9EC /* Default@2x.png in Resources */,
				3B1D63E716DF14DF0008D9EC /* Default-568h@2x.png in Resources */,
				3B1D641416DF19210008D9EC /* Particle.png in Resources */,
				3B5B491416E279B80069062A /* shareSlateServer.py in Resources */,
				3BC9F35616E5A85E00F4B47C /* perforated_white_leather.png in Resources */,
				3BC9F35716E5A85E00F4B47C /* perforated_white_leather_@2X.png in Resources */,
				3BC9F35916E5B47D00F4B47C /* ios-linen.png in Resources */,
				3B0886C216E7BF4100B61EF4 /* brushToolBarPalette.xib in Resources */,
				3BB7ADD716E7D0F300E47735 /* gplaypattern_@2X.png in Resources */,
				3B79A4B416F1237400D5DF08 /* EraserToolBarPalette.xib in Resources */,
				3B79A4B616F123F400D5DF08 /* ShapeToolBarPalette.xib in Resources */,
				3B79A4B816F1289700D5DF08 /* colorPicker.png in Resources */,
				3B79A4C116F1445100D5DF08 /* grayBackground.png in Resources */,
				3B25C4E516F286110018795A /* IpadStoryBoard.storyboard in Resources */,
				3BD9899416F3DAF10084B6E6 /* VersionControlPalette.xib in Resources */,
				3BAD138916F4330D00898C05 /* bo_play_pattern.png in Resources */,
				3BAD138A16F4330D00898C05 /* bo_play_pattern_@2X.png in Resources */,
				3B3CC2E616F5055700ED78AE /* VersionControlInfoView.xib in Resources */,
				3BEF154316F51A100008E293 /* button.png in Resources */,
				3BE4280116F5234800D404B1 /* buttonEffect.png in Resources */,
				3BE4280316F5240E00D404B1 /* recessedButtonEffect.png in Resources */,
				3BC1D03416F781EF00276F8B /* communication_protocol.txt in Resources */,
			);
			runOnlyForDeploymentPostprocessing = 0;
		};
		3B1D63F016DF14E00008D9EC /* Resources */ = {
			isa = PBXResourcesBuildPhase;
			buildActionMask = 2147483647;
			files = (
				3B1D63FF16DF14E00008D9EC /* InfoPlist.strings in Resources */,
				3B1D641516DF19210008D9EC /* Particle.png in Resources */,
			);
			runOnlyForDeploymentPostprocessing = 0;
		};
/* End PBXResourcesBuildPhase section */

/* Begin PBXShellScriptBuildPhase section */
		3B1D63F116DF14E00008D9EC /* ShellScript */ = {
			isa = PBXShellScriptBuildPhase;
			buildActionMask = 2147483647;
			files = (
			);
			inputPaths = (
			);
			outputPaths = (
			);
			runOnlyForDeploymentPostprocessing = 0;
			shellPath = /bin/sh;
			shellScript = "# Run the unit tests in this test bundle.\n\"${SYSTEM_DEVELOPER_DIR}/Tools/RunUnitTests\"\n";
		};
/* End PBXShellScriptBuildPhase section */

/* Begin PBXSourcesBuildPhase section */
		3B1D63C916DF14DF0008D9EC /* Sources */ = {
			isa = PBXSourcesBuildPhase;
			buildActionMask = 2147483647;
			files = (
				3B1D63DD16DF14DF0008D9EC /* main.m in Sources */,
				3B1D63E116DF14DF0008D9EC /* SSAppDelegate.m in Sources */,
				3B1D63ED16DF14DF0008D9EC /* SSViewController.m in Sources */,
				3B1D640D16DF16490008D9EC /* PaintingView.m in Sources */,
				3B03713C16E1A140001E1364 /* SSNetworkingEngine.m in Sources */,
				3B03713F16E1D827001E1364 /* SSConnectionViewController.m in Sources */,
				3BC9F35016E5A14200F4B47C /* SSToolBarCell.m in Sources */,
				3BC9F35316E5A26500F4B47C /* SSVerticalToolBar.m in Sources */,
				3B79A4BD16F1440800D5DF08 /* DVSlideViewController.m in Sources */,
				3BAD138D16F439D800898C05 /* SSToolBarContainer.m in Sources */,
				3BAD139016F43A7700898C05 /* SSVersionInfoView.m in Sources */,
			);
			runOnlyForDeploymentPostprocessing = 0;
		};
		3B1D63EE16DF14E00008D9EC /* Sources */ = {
			isa = PBXSourcesBuildPhase;
			buildActionMask = 2147483647;
			files = (
				3B1D640216DF14E00008D9EC /* ShareSlateTests.m in Sources */,
				3B1D640E16DF16490008D9EC /* PaintingView.m in Sources */,
			);
			runOnlyForDeploymentPostprocessing = 0;
		};
/* End PBXSourcesBuildPhase section */

/* Begin PBXTargetDependency section */
		3B1D63F916DF14E00008D9EC /* PBXTargetDependency */ = {
			isa = PBXTargetDependency;
			target = 3B1D63CC16DF14DF0008D9EC /* ShareSlate */;
			targetProxy = 3B1D63F816DF14E00008D9EC /* PBXContainerItemProxy */;
		};
/* End PBXTargetDependency section */

/* Begin PBXVariantGroup section */
		3B1D63D916DF14DF0008D9EC /* InfoPlist.strings */ = {
			isa = PBXVariantGroup;
			children = (
				3B1D63DA16DF14DF0008D9EC /* en */,
			);
			name = InfoPlist.strings;
			sourceTree = "<group>";
		};
		3B1D63FD16DF14E00008D9EC /* InfoPlist.strings */ = {
			isa = PBXVariantGroup;
			children = (
				3B1D63FE16DF14E00008D9EC /* en */,
			);
			name = InfoPlist.strings;
			sourceTree = "<group>";
		};
/* End PBXVariantGroup section */

/* Begin XCBuildConfiguration section */
		3B1D640316DF14E00008D9EC /* Debug */ = {
			isa = XCBuildConfiguration;
			buildSettings = {
				ALWAYS_SEARCH_USER_PATHS = NO;
				CLANG_CXX_LANGUAGE_STANDARD = "gnu++0x";
				CLANG_CXX_LIBRARY = "libc++";
				CLANG_WARN_CONSTANT_CONVERSION = YES;
				CLANG_WARN_EMPTY_BODY = YES;
				CLANG_WARN_ENUM_CONVERSION = YES;
				CLANG_WARN_INT_CONVERSION = YES;
				CLANG_WARN__DUPLICATE_METHOD_MATCH = YES;
				"CODE_SIGN_IDENTITY[sdk=iphoneos*]" = "iPhone Developer";
				COPY_PHASE_STRIP = NO;
				GCC_C_LANGUAGE_STANDARD = gnu99;
				GCC_DYNAMIC_NO_PIC = NO;
				GCC_OPTIMIZATION_LEVEL = 0;
				GCC_PREPROCESSOR_DEFINITIONS = (
					"DEBUG=1",
					"$(inherited)",
				);
				GCC_SYMBOLS_PRIVATE_EXTERN = NO;
				GCC_WARN_ABOUT_RETURN_TYPE = YES;
				GCC_WARN_UNINITIALIZED_AUTOS = YES;
				GCC_WARN_UNUSED_VARIABLE = YES;
				IPHONEOS_DEPLOYMENT_TARGET = 6.1;
				ONLY_ACTIVE_ARCH = YES;
				SDKROOT = iphoneos;
				TARGETED_DEVICE_FAMILY = 2;
			};
			name = Debug;
		};
		3B1D640416DF14E00008D9EC /* Release */ = {
			isa = XCBuildConfiguration;
			buildSettings = {
				ALWAYS_SEARCH_USER_PATHS = NO;
				CLANG_CXX_LANGUAGE_STANDARD = "gnu++0x";
				CLANG_CXX_LIBRARY = "libc++";
				CLANG_WARN_CONSTANT_CONVERSION = YES;
				CLANG_WARN_EMPTY_BODY = YES;
				CLANG_WARN_ENUM_CONVERSION = YES;
				CLANG_WARN_INT_CONVERSION = YES;
				CLANG_WARN__DUPLICATE_METHOD_MATCH = YES;
				"CODE_SIGN_IDENTITY[sdk=iphoneos*]" = "iPhone Developer";
				COPY_PHASE_STRIP = YES;
				GCC_C_LANGUAGE_STANDARD = gnu99;
				GCC_WARN_ABOUT_RETURN_TYPE = YES;
				GCC_WARN_UNINITIALIZED_AUTOS = YES;
				GCC_WARN_UNUSED_VARIABLE = YES;
				IPHONEOS_DEPLOYMENT_TARGET = 6.1;
				OTHER_CFLAGS = "-DNS_BLOCK_ASSERTIONS=1";
				SDKROOT = iphoneos;
				TARGETED_DEVICE_FAMILY = 2;
				VALIDATE_PRODUCT = YES;
			};
			name = Release;
		};
		3B1D640616DF14E00008D9EC /* Debug */ = {
			isa = XCBuildConfiguration;
			buildSettings = {
				GCC_PRECOMPILE_PREFIX_HEADER = YES;
				GCC_PREFIX_HEADER = "ShareSlate/ShareSlate-Prefix.pch";
				INFOPLIST_FILE = "ShareSlate/ShareSlate-Info.plist";
				PRODUCT_NAME = "$(TARGET_NAME)";
				TARGETED_DEVICE_FAMILY = "1,2";
				WRAPPER_EXTENSION = app;
			};
			name = Debug;
		};
		3B1D640716DF14E00008D9EC /* Release */ = {
			isa = XCBuildConfiguration;
			buildSettings = {
				GCC_PRECOMPILE_PREFIX_HEADER = YES;
				GCC_PREFIX_HEADER = "ShareSlate/ShareSlate-Prefix.pch";
				INFOPLIST_FILE = "ShareSlate/ShareSlate-Info.plist";
				PRODUCT_NAME = "$(TARGET_NAME)";
				TARGETED_DEVICE_FAMILY = "1,2";
				WRAPPER_EXTENSION = app;
			};
			name = Release;
		};
		3B1D640916DF14E00008D9EC /* Debug */ = {
			isa = XCBuildConfiguration;
			buildSettings = {
				BUNDLE_LOADER = "$(BUILT_PRODUCTS_DIR)/ShareSlate.app/ShareSlate";
				FRAMEWORK_SEARCH_PATHS = (
					"\"$(SDKROOT)/Developer/Library/Frameworks\"",
					"\"$(DEVELOPER_LIBRARY_DIR)/Frameworks\"",
				);
				GCC_PRECOMPILE_PREFIX_HEADER = YES;
				GCC_PREFIX_HEADER = "ShareSlate/ShareSlate-Prefix.pch";
				INFOPLIST_FILE = "ShareSlateTests/ShareSlateTests-Info.plist";
				PRODUCT_NAME = "$(TARGET_NAME)";
				TEST_HOST = "$(BUNDLE_LOADER)";
				WRAPPER_EXTENSION = octest;
			};
			name = Debug;
		};
		3B1D640A16DF14E00008D9EC /* Release */ = {
			isa = XCBuildConfiguration;
			buildSettings = {
				BUNDLE_LOADER = "$(BUILT_PRODUCTS_DIR)/ShareSlate.app/ShareSlate";
				FRAMEWORK_SEARCH_PATHS = (
					"\"$(SDKROOT)/Developer/Library/Frameworks\"",
					"\"$(DEVELOPER_LIBRARY_DIR)/Frameworks\"",
				);
				GCC_PRECOMPILE_PREFIX_HEADER = YES;
				GCC_PREFIX_HEADER = "ShareSlate/ShareSlate-Prefix.pch";
				INFOPLIST_FILE = "ShareSlateTests/ShareSlateTests-Info.plist";
				PRODUCT_NAME = "$(TARGET_NAME)";
				TEST_HOST = "$(BUNDLE_LOADER)";
				WRAPPER_EXTENSION = octest;
			};
			name = Release;
		};
/* End XCBuildConfiguration section */

/* Begin XCConfigurationList section */
		3B1D63C816DF14DF0008D9EC /* Build configuration list for PBXProject "ShareSlate" */ = {
			isa = XCConfigurationList;
			buildConfigurations = (
				3B1D640316DF14E00008D9EC /* Debug */,
				3B1D640416DF14E00008D9EC /* Release */,
			);
			defaultConfigurationIsVisible = 0;
			defaultConfigurationName = Release;
		};
		3B1D640516DF14E00008D9EC /* Build configuration list for PBXNativeTarget "ShareSlate" */ = {
			isa = XCConfigurationList;
			buildConfigurations = (
				3B1D640616DF14E00008D9EC /* Debug */,
				3B1D640716DF14E00008D9EC /* Release */,
			);
			defaultConfigurationIsVisible = 0;
			defaultConfigurationName = Release;
		};
		3B1D640816DF14E00008D9EC /* Build configuration list for PBXNativeTarget "ShareSlateTests" */ = {
			isa = XCConfigurationList;
			buildConfigurations = (
				3B1D640916DF14E00008D9EC /* Debug */,
				3B1D640A16DF14E00008D9EC /* Release */,
			);
			defaultConfigurationIsVisible = 0;
			defaultConfigurationName = Release;
		};
/* End XCConfigurationList section */
	};
	rootObject = 3B1D63C516DF14DF0008D9EC /* Project object */;
}
